
Microsoft Visual Studio Solution File, Format Version 12.00
# Visual Studio Version 16
VisualStudioVersion = 16.0.28606.126
MinimumVisualStudioVersion = 10.0.40219.1
Project("{9A19103F-16F7-4668-BE54-9A1E7A4F7556}") = "FamUnion.Core", "FamUnion.Core\FamUnion.Core.csproj", "{D2883C04-1848-4382-84FB-ED73AEDE7C72}"
EndProject
Project("{9A19103F-16F7-4668-BE54-9A1E7A4F7556}") = "FamUnion.Infrastructure", "FamUnion.Infrastructure\FamUnion.Infrastructure.csproj", "{2EE9ED82-81CF-400D-A0D0-4AABD5CD6C60}"
EndProject
Project("{00D1A9C2-B5F0-4AF3-8072-F6C62B433612}") = "FamUnion.Db", "FamUnion.Db\FamUnion.Db.sqlproj", "{53904F61-29D0-43EE-A80E-D4D701BE541A}"
EndProject
Project("{9A19103F-16F7-4668-BE54-9A1E7A4F7556}") = "FamUnion.Api", "FamUnion.Api\FamUnion.Api.csproj", "{7454682B-F530-4E68-BEBA-DA059C2911DC}"
EndProject
Project("{9A19103F-16F7-4668-BE54-9A1E7A4F7556}") = "FamUnion.Core.Tests", "FamUnion.Core.Tests\FamUnion.Core.Tests.csproj", "{2AF67331-C3DA-4FFD-9717-53A761DFEC85}"
EndProject
Project("{2150E333-8FDC-42A3-9474-1A3956D46DE8}") = "Class Libs", "Class Libs", "{0E282A5A-82A0-4454-85AD-07EF9C8B74F2}"
EndProject
Project("{2150E333-8FDC-42A3-9474-1A3956D46DE8}") = "Database", "Database", "{332B7BC6-47DB-44E7-B23B-95B0BB2B5FDA}"
EndProject
Project("{2150E333-8FDC-42A3-9474-1A3956D46DE8}") = "Tests", "Tests", "{665E5D2E-8D8E-4D57-B625-070569FCBBC5}"
EndProject
Project("{2150E333-8FDC-42A3-9474-1A3956D46DE8}") = "Web", "Web", "{FE8A150D-7BF3-4B15-9E14-796F165F4333}"
EndProject
Project("{9A19103F-16F7-4668-BE54-9A1E7A4F7556}") = "FamUnion.WebAuth", "FamUnion.WebAuth\FamUnion.WebAuth.csproj", "{F650B8F8-0231-4B21-9D84-3CEE7A7DBAE8}"
EndProject
Global
	GlobalSection(SolutionConfigurationPlatforms) = preSolution
		Debug|Any CPU = Debug|Any CPU
		Debug|ARM = Debug|ARM
		Debug|x64 = Debug|x64
		Debug|x86 = Debug|x86
		Release|Any CPU = Release|Any CPU
		Release|ARM = Release|ARM
		Release|x64 = Release|x64
		Release|x86 = Release|x86
	EndGlobalSection
	GlobalSection(ProjectConfigurationPlatforms) = postSolution
		{D2883C04-1848-4382-84FB-ED73AEDE7C72}.Debug|Any CPU.ActiveCfg = Debug|Any CPU
		{D2883C04-1848-4382-84FB-ED73AEDE7C72}.Debug|Any CPU.Build.0 = Debug|Any CPU
		{D2883C04-1848-4382-84FB-ED73AEDE7C72}.Debug|ARM.ActiveCfg = Debug|Any CPU
		{D2883C04-1848-4382-84FB-ED73AEDE7C72}.Debug|ARM.Build.0 = Debug|Any CPU
		{D2883C04-1848-4382-84FB-ED73AEDE7C72}.Debug|x64.ActiveCfg = Debug|Any CPU
		{D2883C04-1848-4382-84FB-ED73AEDE7C72}.Debug|x64.Build.0 = Debug|Any CPU
		{D2883C04-1848-4382-84FB-ED73AEDE7C72}.Debug|x86.ActiveCfg = Debug|Any CPU
		{D2883C04-1848-4382-84FB-ED73AEDE7C72}.Debug|x86.Build.0 = Debug|Any CPU
		{D2883C04-1848-4382-84FB-ED73AEDE7C72}.Release|Any CPU.ActiveCfg = Release|Any CPU
		{D2883C04-1848-4382-84FB-ED73AEDE7C72}.Release|Any CPU.Build.0 = Release|Any CPU
		{D2883C04-1848-4382-84FB-ED73AEDE7C72}.Release|ARM.ActiveCfg = Release|Any CPU
		{D2883C04-1848-4382-84FB-ED73AEDE7C72}.Release|ARM.Build.0 = Release|Any CPU
		{D2883C04-1848-4382-84FB-ED73AEDE7C72}.Release|x64.ActiveCfg = Release|Any CPU
		{D2883C04-1848-4382-84FB-ED73AEDE7C72}.Release|x64.Build.0 = Release|Any CPU
		{D2883C04-1848-4382-84FB-ED73AEDE7C72}.Release|x86.ActiveCfg = Release|Any CPU
		{D2883C04-1848-4382-84FB-ED73AEDE7C72}.Release|x86.Build.0 = Release|Any CPU
		{2EE9ED82-81CF-400D-A0D0-4AABD5CD6C60}.Debug|Any CPU.ActiveCfg = Debug|Any CPU
		{2EE9ED82-81CF-400D-A0D0-4AABD5CD6C60}.Debug|Any CPU.Build.0 = Debug|Any CPU
		{2EE9ED82-81CF-400D-A0D0-4AABD5CD6C60}.Debug|ARM.ActiveCfg = Debug|Any CPU
		{2EE9ED82-81CF-400D-A0D0-4AABD5CD6C60}.Debug|ARM.Build.0 = Debug|Any CPU
		{2EE9ED82-81CF-400D-A0D0-4AABD5CD6C60}.Debug|x64.ActiveCfg = Debug|Any CPU
		{2EE9ED82-81CF-400D-A0D0-4AABD5CD6C60}.Debug|x64.Build.0 = Debug|Any CPU
		{2EE9ED82-81CF-400D-A0D0-4AABD5CD6C60}.Debug|x86.ActiveCfg = Debug|Any CPU
		{2EE9ED82-81CF-400D-A0D0-4AABD5CD6C60}.Debug|x86.Build.0 = Debug|Any CPU
		{2EE9ED82-81CF-400D-A0D0-4AABD5CD6C60}.Release|Any CPU.ActiveCfg = Release|Any CPU
		{2EE9ED82-81CF-400D-A0D0-4AABD5CD6C60}.Release|Any CPU.Build.0 = Release|Any CPU
		{2EE9ED82-81CF-400D-A0D0-4AABD5CD6C60}.Release|ARM.ActiveCfg = Release|Any CPU
		{2EE9ED82-81CF-400D-A0D0-4AABD5CD6C60}.Release|ARM.Build.0 = Release|Any CPU
		{2EE9ED82-81CF-400D-A0D0-4AABD5CD6C60}.Release|x64.ActiveCfg = Release|Any CPU
		{2EE9ED82-81CF-400D-A0D0-4AABD5CD6C60}.Release|x64.Build.0 = Release|Any CPU
		{2EE9ED82-81CF-400D-A0D0-4AABD5CD6C60}.Release|x86.ActiveCfg = Release|Any CPU
		{2EE9ED82-81CF-400D-A0D0-4AABD5CD6C60}.Release|x86.Build.0 = Release|Any CPU
		{53904F61-29D0-43EE-A80E-D4D701BE541A}.Debug|Any CPU.ActiveCfg = Debug|Any CPU
		{53904F61-29D0-43EE-A80E-D4D701BE541A}.Debug|Any CPU.Deploy.0 = Debug|Any CPU
		{53904F61-29D0-43EE-A80E-D4D701BE541A}.Debug|ARM.ActiveCfg = Debug|Any CPU
		{53904F61-29D0-43EE-A80E-D4D701BE541A}.Debug|ARM.Build.0 = Debug|Any CPU
		{53904F61-29D0-43EE-A80E-D4D701BE541A}.Debug|ARM.Deploy.0 = Debug|Any CPU
		{53904F61-29D0-43EE-A80E-D4D701BE541A}.Debug|x64.ActiveCfg = Debug|Any CPU
		{53904F61-29D0-43EE-A80E-D4D701BE541A}.Debug|x64.Build.0 = Debug|Any CPU
		{53904F61-29D0-43EE-A80E-D4D701BE541A}.Debug|x64.Deploy.0 = Debug|Any CPU
		{53904F61-29D0-43EE-A80E-D4D701BE541A}.Debug|x86.ActiveCfg = Debug|Any CPU
		{53904F61-29D0-43EE-A80E-D4D701BE541A}.Debug|x86.Build.0 = Debug|Any CPU
		{53904F61-29D0-43EE-A80E-D4D701BE541A}.Debug|x86.Deploy.0 = Debug|Any CPU
		{53904F61-29D0-43EE-A80E-D4D701BE541A}.Release|Any CPU.ActiveCfg = Release|Any CPU
		{53904F61-29D0-43EE-A80E-D4D701BE541A}.Release|Any CPU.Deploy.0 = Release|Any CPU
		{53904F61-29D0-43EE-A80E-D4D701BE541A}.Release|ARM.ActiveCfg = Release|Any CPU
		{53904F61-29D0-43EE-A80E-D4D701BE541A}.Release|ARM.Build.0 = Release|Any CPU
		{53904F61-29D0-43EE-A80E-D4D701BE541A}.Release|ARM.Deploy.0 = Release|Any CPU
		{53904F61-29D0-43EE-A80E-D4D701BE541A}.Release|x64.ActiveCfg = Release|Any CPU
		{53904F61-29D0-43EE-A80E-D4D701BE541A}.Release|x64.Build.0 = Release|Any CPU
		{53904F61-29D0-43EE-A80E-D4D701BE541A}.Release|x64.Deploy.0 = Release|Any CPU
		{53904F61-29D0-43EE-A80E-D4D701BE541A}.Release|x86.ActiveCfg = Release|Any CPU
		{53904F61-29D0-43EE-A80E-D4D701BE541A}.Release|x86.Build.0 = Release|Any CPU
		{53904F61-29D0-43EE-A80E-D4D701BE541A}.Release|x86.Deploy.0 = Release|Any CPU
		{7454682B-F530-4E68-BEBA-DA059C2911DC}.Debug|Any CPU.ActiveCfg = Debug|Any CPU
		{7454682B-F530-4E68-BEBA-DA059C2911DC}.Debug|Any CPU.Build.0 = Debug|Any CPU
		{7454682B-F530-4E68-BEBA-DA059C2911DC}.Debug|ARM.ActiveCfg = Debug|Any CPU
		{7454682B-F530-4E68-BEBA-DA059C2911DC}.Debug|ARM.Build.0 = Debug|Any CPU
		{7454682B-F530-4E68-BEBA-DA059C2911DC}.Debug|x64.ActiveCfg = Debug|Any CPU
		{7454682B-F530-4E68-BEBA-DA059C2911DC}.Debug|x64.Build.0 = Debug|Any CPU
		{7454682B-F530-4E68-BEBA-DA059C2911DC}.Debug|x86.ActiveCfg = Debug|Any CPU
		{7454682B-F530-4E68-BEBA-DA059C2911DC}.Debug|x86.Build.0 = Debug|Any CPU
		{7454682B-F530-4E68-BEBA-DA059C2911DC}.Release|Any CPU.ActiveCfg = Release|Any CPU
		{7454682B-F530-4E68-BEBA-DA059C2911DC}.Release|Any CPU.Build.0 = Release|Any CPU
		{7454682B-F530-4E68-BEBA-DA059C2911DC}.Release|ARM.ActiveCfg = Release|Any CPU
		{7454682B-F530-4E68-BEBA-DA059C2911DC}.Release|ARM.Build.0 = Release|Any CPU
		{7454682B-F530-4E68-BEBA-DA059C2911DC}.Release|x64.ActiveCfg = Release|Any CPU
		{7454682B-F530-4E68-BEBA-DA059C2911DC}.Release|x64.Build.0 = Release|Any CPU
		{7454682B-F530-4E68-BEBA-DA059C2911DC}.Release|x86.ActiveCfg = Release|Any CPU
		{7454682B-F530-4E68-BEBA-DA059C2911DC}.Release|x86.Build.0 = Release|Any CPU
		{2AF67331-C3DA-4FFD-9717-53A761DFEC85}.Debug|Any CPU.ActiveCfg = Debug|Any CPU
		{2AF67331-C3DA-4FFD-9717-53A761DFEC85}.Debug|Any CPU.Build.0 = Debug|Any CPU
		{2AF67331-C3DA-4FFD-9717-53A761DFEC85}.Debug|ARM.ActiveCfg = Debug|Any CPU
		{2AF67331-C3DA-4FFD-9717-53A761DFEC85}.Debug|ARM.Build.0 = Debug|Any CPU
		{2AF67331-C3DA-4FFD-9717-53A761DFEC85}.Debug|x64.ActiveCfg = Debug|Any CPU
		{2AF67331-C3DA-4FFD-9717-53A761DFEC85}.Debug|x64.Build.0 = Debug|Any CPU
		{2AF67331-C3DA-4FFD-9717-53A761DFEC85}.Debug|x86.ActiveCfg = Debug|Any CPU
		{2AF67331-C3DA-4FFD-9717-53A761DFEC85}.Debug|x86.Build.0 = Debug|Any CPU
		{2AF67331-C3DA-4FFD-9717-53A761DFEC85}.Release|Any CPU.ActiveCfg = Release|Any CPU
		{2AF67331-C3DA-4FFD-9717-53A761DFEC85}.Release|Any CPU.Build.0 = Release|Any CPU
		{2AF67331-C3DA-4FFD-9717-53A761DFEC85}.Release|ARM.ActiveCfg = Release|Any CPU
		{2AF67331-C3DA-4FFD-9717-53A761DFEC85}.Release|ARM.Build.0 = Release|Any CPU
		{2AF67331-C3DA-4FFD-9717-53A761DFEC85}.Release|x64.ActiveCfg = Release|Any CPU
		{2AF67331-C3DA-4FFD-9717-53A761DFEC85}.Release|x64.Build.0 = Release|Any CPU
		{2AF67331-C3DA-4FFD-9717-53A761DFEC85}.Release|x86.ActiveCfg = Release|Any CPU
		{2AF67331-C3DA-4FFD-9717-53A761DFEC85}.Release|x86.Build.0 = Release|Any CPU
		{F650B8F8-0231-4B21-9D84-3CEE7A7DBAE8}.Debug|Any CPU.ActiveCfg = Debug|Any CPU
		{F650B8F8-0231-4B21-9D84-3CEE7A7DBAE8}.Debug|Any CPU.Build.0 = Debug|Any CPU
		{F650B8F8-0231-4B21-9D84-3CEE7A7DBAE8}.Debug|ARM.ActiveCfg = Debug|Any CPU
		{F650B8F8-0231-4B21-9D84-3CEE7A7DBAE8}.Debug|ARM.Build.0 = Debug|Any CPU
		{F650B8F8-0231-4B21-9D84-3CEE7A7DBAE8}.Debug|x64.ActiveCfg = Debug|Any CPU
		{F650B8F8-0231-4B21-9D84-3CEE7A7DBAE8}.Debug|x64.Build.0 = Debug|Any CPU
		{F650B8F8-0231-4B21-9D84-3CEE7A7DBAE8}.Debug|x86.ActiveCfg = Debug|Any CPU
		{F650B8F8-0231-4B21-9D84-3CEE7A7DBAE8}.Debug|x86.Build.0 = Debug|Any CPU
		{F650B8F8-0231-4B21-9D84-3CEE7A7DBAE8}.Release|Any CPU.ActiveCfg = Release|Any CPU
		{F650B8F8-0231-4B21-9D84-3CEE7A7DBAE8}.Release|Any CPU.Build.0 = Release|Any CPU
		{F650B8F8-0231-4B21-9D84-3CEE7A7DBAE8}.Release|ARM.ActiveCfg = Release|Any CPU
		{F650B8F8-0231-4B21-9D84-3CEE7A7DBAE8}.Release|ARM.Build.0 = Release|Any CPU
		{F650B8F8-0231-4B21-9D84-3CEE7A7DBAE8}.Release|x64.ActiveCfg = Release|Any CPU
		{F650B8F8-0231-4B21-9D84-3CEE7A7DBAE8}.Release|x64.Build.0 = Release|Any CPU
		{F650B8F8-0231-4B21-9D84-3CEE7A7DBAE8}.Release|x86.ActiveCfg = Release|Any CPU
		{F650B8F8-0231-4B21-9D84-3CEE7A7DBAE8}.Release|x86.Build.0 = Release|Any CPU
	EndGlobalSection
	GlobalSection(SolutionProperties) = preSolution
		HideSolutionNode = FALSE
	EndGlobalSection
	GlobalSection(NestedProjects) = preSolution
		{D2883C04-1848-4382-84FB-ED73AEDE7C72} = {0E282A5A-82A0-4454-85AD-07EF9C8B74F2}
		{2EE9ED82-81CF-400D-A0D0-4AABD5CD6C60} = {0E282A5A-82A0-4454-85AD-07EF9C8B74F2}
		{53904F61-29D0-43EE-A80E-D4D701BE541A} = {332B7BC6-47DB-44E7-B23B-95B0BB2B5FDA}
		{7454682B-F530-4E68-BEBA-DA059C2911DC} = {FE8A150D-7BF3-4B15-9E14-796F165F4333}
		{2AF67331-C3DA-4FFD-9717-53A761DFEC85} = {665E5D2E-8D8E-4D57-B625-070569FCBBC5}
		{F650B8F8-0231-4B21-9D84-3CEE7A7DBAE8} = {FE8A150D-7BF3-4B15-9E14-796F165F4333}
	EndGlobalSection
	GlobalSection(ExtensibilityGlobals) = postSolution
		SolutionGuid = {09B9936E-F496-4F6A-980F-9DA16C4283BA}
	EndGlobalSection
EndGlobal
